<?xml version="1.0" encoding="utf-8"?>
<Project ToolsVersion="4.0" xmlns="http://schemas.microsoft.com/developer/msbuild/2003">
  <ItemGroup>
    <Filter Include="Source Files">
      <UniqueIdentifier>{4FC737F1-C7A5-4376-A066-2A32D752A2FF}</UniqueIdentifier>
      <Extensions>cpp;c;cc;cxx;c++;cppm;ixx;def;odl;idl;hpj;bat;asm;asmx</Extensions>
    </Filter>
    <Filter Include="Header Files">
      <UniqueIdentifier>{93995380-89BD-4b04-88EB-625FBE52EBFB}</UniqueIdentifier>
      <Extensions>h;hh;hpp;hxx;h++;hm;inl;inc;ipp;xsd</Extensions>
    </Filter>
    <Filter Include="Resource Files">
      <UniqueIdentifier>{67DA6AB6-F800-4c08-8B7A-83BB121AAD01}</UniqueIdentifier>
      <Extensions>rc;ico;cur;bmp;dlg;rc2;rct;bin;rgs;gif;jpg;jpeg;jpe;resx;tiff;tif;png;wav;mfcribbon-ms</Extensions>
    </Filter>
    <Filter Include="NoSimpleWayAPI[v2]">
      <UniqueIdentifier>{508e20fa-e052-47be-a022-d3d5294c6196}</UniqueIdentifier>
    </Filter>
    <Filter Include="NoSimpleWayAPI[v2]\DataCore">
      <UniqueIdentifier>{580b45cf-324e-4146-bbaa-c205589624a9}</UniqueIdentifier>
    </Filter>
    <Filter Include="NoSimpleWayAPI[v2]\GraphicCore">
      <UniqueIdentifier>{ff6d45a9-8561-4825-be51-1a33dca77f3b}</UniqueIdentifier>
    </Filter>
    <Filter Include="NoSimpleWayAPI[v2]\GUICore">
      <UniqueIdentifier>{9849c866-bd19-45f8-9d82-c51278b0b27e}</UniqueIdentifier>
    </Filter>
    <Filter Include="NoSimpleWayAPI[v2]\IOCore">
      <UniqueIdentifier>{999c03b3-63b2-4f03-9294-56257b6180d0}</UniqueIdentifier>
    </Filter>
    <Filter Include="NoSimpleWayAPI[v2]\EntityCore">
      <UniqueIdentifier>{bb2c2db2-3051-43cb-b875-17df4c62bf32}</UniqueIdentifier>
    </Filter>
    <Filter Include="External">
      <UniqueIdentifier>{1714c94d-6f66-46e4-b550-d5919a41be83}</UniqueIdentifier>
    </Filter>
    <Filter Include="NoSimpleWayAPI[v2]\TextCore">
      <UniqueIdentifier>{90fdae0a-14a5-420c-97e9-a4d2bb468a96}</UniqueIdentifier>
    </Filter>
    <Filter Include="NoSimpleWayAPI[v2]\UTILS">
      <UniqueIdentifier>{251943de-d38e-43df-ace6-21800b75e79e}</UniqueIdentifier>
    </Filter>
  </ItemGroup>
  <ItemGroup>
    <ClCompile Include="Source.cpp">
      <Filter>Source Files</Filter>
    </ClCompile>
    <ClCompile Include="ext\includes\glad\glad.c">
      <Filter>Source Files</Filter>
    </ClCompile>
    <ClCompile Include="ext\includes\NoSimpleWayAPI[v2]\EDataCore.cpp">
      <Filter>NoSimpleWayAPI[v2]\DataCore</Filter>
    </ClCompile>
    <ClCompile Include="ext\includes\NoSimpleWayAPI[v2]\EGraphicCore.cpp">
      <Filter>NoSimpleWayAPI[v2]\GraphicCore</Filter>
    </ClCompile>
    <ClCompile Include="ext\includes\NoSimpleWayAPI[v2]\EGUICore.cpp">
      <Filter>NoSimpleWayAPI[v2]\GUICore</Filter>
    </ClCompile>
    <ClCompile Include="ext\includes\NoSimpleWayAPI[v2]\EInputCore.cpp">
      <Filter>NoSimpleWayAPI[v2]\IOCore</Filter>
    </ClCompile>
    <ClCompile Include="EWindowMain.cpp">
      <Filter>External</Filter>
    </ClCompile>
    <ClCompile Include="ext\includes\NoSimpleWayAPI[v2]\EntityCore.cpp">
      <Filter>NoSimpleWayAPI[v2]\EntityCore</Filter>
    </ClCompile>
    <ClCompile Include="ext\includes\NoSimpleWayAPI[v2]\ETextCore.cpp">
      <Filter>NoSimpleWayAPI[v2]\TextCore</Filter>
    </ClCompile>
    <ClCompile Include="ext\includes\NoSimpleWayAPI[v2]\EDataEntity.cpp">
      <Filter>NoSimpleWayAPI[v2]\DataCore</Filter>
    </ClCompile>
    <ClCompile Include="ext\includes\NoSimpleWayAPI[v2]\Helpers.cpp">
      <Filter>NoSimpleWayAPI[v2]\UTILS</Filter>
    </ClCompile>
  </ItemGroup>
  <ItemGroup>
    <ClInclude Include="ext\includes\ConsoleColor.h">
      <Filter>NoSimpleWayAPI[v2]\GraphicCore</Filter>
    </ClInclude>
    <ClInclude Include="ext\includes\NoSimpleWayAPI[v2]\EInputCore.h">
      <Filter>NoSimpleWayAPI[v2]\IOCore</Filter>
    </ClInclude>
    <ClInclude Include="ext\includes\NoSimpleWayAPI[v2]\EntityCore.h">
      <Filter>NoSimpleWayAPI[v2]\EntityCore</Filter>
    </ClInclude>
    <ClInclude Include="EWindowMain.h">
      <Filter>External</Filter>
    </ClInclude>
    <ClInclude Include="ext\includes\NoSimpleWayAPI[v2]\ETextCore.h">
      <Filter>NoSimpleWayAPI[v2]\TextCore</Filter>
    </ClInclude>
    <ClInclude Include="ext\includes\NoSimpleWayAPI[v2]\EGraphicCore.h">
      <Filter>NoSimpleWayAPI[v2]\GraphicCore</Filter>
    </ClInclude>
    <ClInclude Include="ext\includes\NoSimpleWayAPI[v2]\EDataEntity.h">
      <Filter>NoSimpleWayAPI[v2]\DataCore</Filter>
    </ClInclude>
    <ClInclude Include="ext\includes\NoSimpleWayAPI[v2]\EDataCore.h">
      <Filter>NoSimpleWayAPI[v2]\DataCore</Filter>
    </ClInclude>
    <ClInclude Include="ext\includes\NoSimpleWayAPI[v2]\EGUICore.h">
      <Filter>NoSimpleWayAPI[v2]\GUICore</Filter>
    </ClInclude>
    <ClInclude Include="ext\includes\NoSimpleWayAPI[v2]\EClassLinker.h">
      <Filter>NoSimpleWayAPI[v2]\UTILS</Filter>
    </ClInclude>
    <ClInclude Include="ext\includes\NoSimpleWayAPI[v2]\Helpers.h">
      <Filter>NoSimpleWayAPI[v2]\UTILS</Filter>
    </ClInclude>
  </ItemGroup>
</Project>